// !$*UTF8*$!
{
	archiveVersion = 1;
	classes = {
	};
	objectVersion = 50;
	objects = {

/* Begin PBXBuildFile section */
		0869F82524E4B6F7004B9DF4 /* AppDelegate.swift in Sources */ = {isa = PBXBuildFile; fileRef = 0869F82424E4B6F7004B9DF4 /* AppDelegate.swift */; };
		0869F82724E4B6F7004B9DF4 /* ViewController.swift in Sources */ = {isa = PBXBuildFile; fileRef = 0869F82624E4B6F7004B9DF4 /* ViewController.swift */; };
		0869F82A24E4B6F7004B9DF4 /* Main.storyboard in Resources */ = {isa = PBXBuildFile; fileRef = 0869F82824E4B6F7004B9DF4 /* Main.storyboard */; };
		0869F82C24E4B6F9004B9DF4 /* Assets.xcassets in Resources */ = {isa = PBXBuildFile; fileRef = 0869F82B24E4B6F9004B9DF4 /* Assets.xcassets */; };
		0869F82F24E4B6F9004B9DF4 /* LaunchScreen.storyboard in Resources */ = {isa = PBXBuildFile; fileRef = 0869F82D24E4B6F9004B9DF4 /* LaunchScreen.storyboard */; };
		0869F83A24E4B6F9004B9DF4 /* tippyTests.swift in Sources */ = {isa = PBXBuildFile; fileRef = 0869F83924E4B6F9004B9DF4 /* tippyTests.swift */; };
		0869F84524E4B6F9004B9DF4 /* tippyUITests.swift in Sources */ = {isa = PBXBuildFile; fileRef = 0869F84424E4B6F9004B9DF4 /* tippyUITests.swift */; };
/* End PBXBuildFile section */

/* Begin PBXContainerItemProxy section */
		0869F83624E4B6F9004B9DF4 /* PBXContainerItemProxy */ = {
			isa = PBXContainerItemProxy;
			containerPortal = 0869F81924E4B6F7004B9DF4 /* Project object */;
			proxyType = 1;
			remoteGlobalIDString = 0869F82024E4B6F7004B9DF4;
			remoteInfo = tippy;
		};
		0869F84124E4B6F9004B9DF4 /* PBXContainerItemProxy */ = {
			isa = PBXContainerItemProxy;
			containerPortal = 0869F81924E4B6F7004B9DF4 /* Project object */;
			proxyType = 1;
			remoteGlobalIDString = 0869F82024E4B6F7004B9DF4;
			remoteInfo = tippy;
		};
/* End PBXContainerItemProxy section */

/* Begin PBXFileReference section */
		0869F82124E4B6F7004B9DF4 /* tippy.app */ = {isa = PBXFileReference; explicitFileType = wrapper.application; includeInIndex = 0; path = tippy.app; sourceTree = BUILT_PRODUCTS_DIR; };
		0869F82424E4B6F7004B9DF4 /* AppDelegate.swift */ = {isa = PBXFileReference; lastKnownFileType = sourcecode.swift; path = AppDelegate.swift; sourceTree = "<group>"; };
		0869F82624E4B6F7004B9DF4 /* ViewController.swift */ = {isa = PBXFileReference; lastKnownFileType = sourcecode.swift; path = ViewController.swift; sourceTree = "<group>"; };
		0869F82924E4B6F7004B9DF4 /* Base */ = {isa = PBXFileReference; lastKnownFileType = file.storyboard; name = Base; path = Base.lproj/Main.storyboard; sourceTree = "<group>"; };
		0869F82B24E4B6F9004B9DF4 /* Assets.xcassets */ = {isa = PBXFileReference; lastKnownFileType = folder.assetcatalog; path = Assets.xcassets; sourceTree = "<group>"; };
		0869F82E24E4B6F9004B9DF4 /* Base */ = {isa = PBXFileReference; lastKnownFileType = file.storyboard; name = Base; path = Base.lproj/LaunchScreen.storyboard; sourceTree = "<group>"; };
		0869F83024E4B6F9004B9DF4 /* Info.plist */ = {isa = PBXFileReference; lastKnownFileType = text.plist.xml; path = Info.plist; sourceTree = "<group>"; };
		0869F83524E4B6F9004B9DF4 /* tippyTests.xctest */ = {isa = PBXFileReference; explicitFileType = wrapper.cfbundle; includeInIndex = 0; path = tippyTests.xctest; sourceTree = BUILT_PRODUCTS_DIR; };
		0869F83924E4B6F9004B9DF4 /* tippyTests.swift */ = {isa = PBXFileReference; lastKnownFileType = sourcecode.swift; path = tippyTests.swift; sourceTree = "<group>"; };
		0869F83B24E4B6F9004B9DF4 /* Info.plist */ = {isa = PBXFileReference; lastKnownFileType = text.plist.xml; path = Info.plist; sourceTree = "<group>"; };
		0869F84024E4B6F9004B9DF4 /* tippyUITests.xctest */ = {isa = PBXFileReference; explicitFileType = wrapper.cfbundle; includeInIndex = 0; path = tippyUITests.xctest; sourceTree = BUILT_PRODUCTS_DIR; };
		0869F84424E4B6F9004B9DF4 /* tippyUITests.swift */ = {isa = PBXFileReference; lastKnownFileType = sourcecode.swift; path = tippyUITests.swift; sourceTree = "<group>"; };
		0869F84624E4B6F9004B9DF4 /* Info.plist */ = {isa = PBXFileReference; lastKnownFileType = text.plist.xml; path = Info.plist; sourceTree = "<group>"; };
/* End PBXFileReference section */

/* Begin PBXFrameworksBuildPhase section */
		0869F81E24E4B6F7004B9DF4 /* Frameworks */ = {
			isa = PBXFrameworksBuildPhase;
			buildActionMask = 2147483647;
			files = (
			);
			runOnlyForDeploymentPostprocessing = 0;
		};
		0869F83224E4B6F9004B9DF4 /* Frameworks */ = {
			isa = PBXFrameworksBuildPhase;
			buildActionMask = 2147483647;
			files = (
			);
			runOnlyForDeploymentPostprocessing = 0;
		};
		0869F83D24E4B6F9004B9DF4 /* Frameworks */ = {
			isa = PBXFrameworksBuildPhase;
			buildActionMask = 2147483647;
			files = (
			);
			runOnlyForDeploymentPostprocessing = 0;
		};
/* End PBXFrameworksBuildPhase section */

/* Begin PBXGroup section */
		0869F81824E4B6F7004B9DF4 = {
			isa = PBXGroup;
			children = (
				0869F82324E4B6F7004B9DF4 /* tippy */,
				0869F83824E4B6F9004B9DF4 /* tippyTests */,
				0869F84324E4B6F9004B9DF4 /* tippyUITests */,
				0869F82224E4B6F7004B9DF4 /* Products */,
			);
			sourceTree = "<group>";
		};
		0869F82224E4B6F7004B9DF4 /* Products */ = {
			isa = PBXGroup;
			children = (
				0869F82124E4B6F7004B9DF4 /* tippy.app */,
				0869F83524E4B6F9004B9DF4 /* tippyTests.xctest */,
				0869F84024E4B6F9004B9DF4 /* tippyUITests.xctest */,
			);
			name = Products;
			sourceTree = "<group>";
		};
		0869F82324E4B6F7004B9DF4 /* tippy */ = {
			isa = PBXGroup;
			children = (
				0869F82424E4B6F7004B9DF4 /* AppDelegate.swift */,
				0869F82624E4B6F7004B9DF4 /* ViewController.swift */,
				0869F82824E4B6F7004B9DF4 /* Main.storyboard */,
				0869F82B24E4B6F9004B9DF4 /* Assets.xcassets */,
				0869F82D24E4B6F9004B9DF4 /* LaunchScreen.storyboard */,
				0869F83024E4B6F9004B9DF4 /* Info.plist */,
			);
			path = tippy;
			sourceTree = "<group>";
		};
		0869F83824E4B6F9004B9DF4 /* tippyTests */ = {
			isa = PBXGroup;
			children = (
				0869F83924E4B6F9004B9DF4 /* tippyTests.swift */,
				0869F83B24E4B6F9004B9DF4 /* Info.plist */,
			);
			path = tippyTests;
			sourceTree = "<group>";
		};
		0869F84324E4B6F9004B9DF4 /* tippyUITests */ = {
			isa = PBXGroup;
			children = (
				0869F84424E4B6F9004B9DF4 /* tippyUITests.swift */,
				0869F84624E4B6F9004B9DF4 /* Info.plist */,
			);
			path = tippyUITests;
			sourceTree = "<group>";
		};
/* End PBXGroup section */

/* Begin PBXNativeTarget section */
		0869F82024E4B6F7004B9DF4 /* tippy */ = {
			isa = PBXNativeTarget;
			buildConfigurationList = 0869F84924E4B6F9004B9DF4 /* Build configuration list for PBXNativeTarget "tippy" */;
			buildPhases = (
				0869F81D24E4B6F7004B9DF4 /* Sources */,
				0869F81E24E4B6F7004B9DF4 /* Frameworks */,
				0869F81F24E4B6F7004B9DF4 /* Resources */,
			);
			buildRules = (
			);
			dependencies = (
			);
			name = tippy;
			productName = tippy;
			productReference = 0869F82124E4B6F7004B9DF4 /* tippy.app */;
			productType = "com.apple.product-type.application";
		};
		0869F83424E4B6F9004B9DF4 /* tippyTests */ = {
			isa = PBXNativeTarget;
			buildConfigurationList = 0869F84C24E4B6F9004B9DF4 /* Build configuration list for PBXNativeTarget "tippyTests" */;
			buildPhases = (
				0869F83124E4B6F9004B9DF4 /* Sources */,
				0869F83224E4B6F9004B9DF4 /* Frameworks */,
				0869F83324E4B6F9004B9DF4 /* Resources */,
			);
			buildRules = (
			);
			dependencies = (
				0869F83724E4B6F9004B9DF4 /* PBXTargetDependency */,
			);
			name = tippyTests;
			productName = tippyTests;
			productReference = 0869F83524E4B6F9004B9DF4 /* tippyTests.xctest */;
			productType = "com.apple.product-type.bundle.unit-test";
		};
		0869F83F24E4B6F9004B9DF4 /* tippyUITests */ = {
			isa = PBXNativeTarget;
			buildConfigurationList = 0869F84F24E4B6F9004B9DF4 /* Build configuration list for PBXNativeTarget "tippyUITests" */;
			buildPhases = (
				0869F83C24E4B6F9004B9DF4 /* Sources */,
				0869F83D24E4B6F9004B9DF4 /* Frameworks */,
				0869F83E24E4B6F9004B9DF4 /* Resources */,
			);
			buildRules = (
			);
			dependencies = (
				0869F84224E4B6F9004B9DF4 /* PBXTargetDependency */,
			);
			name = tippyUITests;
			productName = tippyUITests;
			productReference = 0869F84024E4B6F9004B9DF4 /* tippyUITests.xctest */;
			productType = "com.apple.product-type.bundle.ui-testing";
		};
/* End PBXNativeTarget section */

/* Begin PBXProject section */
		0869F81924E4B6F7004B9DF4 /* Project object */ = {
			isa = PBXProject;
			attributes = {
				LastSwiftUpdateCheck = 1020;
				LastUpgradeCheck = 1020;
				ORGANIZATIONNAME = konst_nvc;
				TargetAttributes = {
					0869F82024E4B6F7004B9DF4 = {
						CreatedOnToolsVersion = 10.2.1;
					};
					0869F83424E4B6F9004B9DF4 = {
						CreatedOnToolsVersion = 10.2.1;
						TestTargetID = 0869F82024E4B6F7004B9DF4;
					};
					0869F83F24E4B6F9004B9DF4 = {
						CreatedOnToolsVersion = 10.2.1;
						TestTargetID = 0869F82024E4B6F7004B9DF4;
					};
				};
			};
			buildConfigurationList = 0869F81C24E4B6F7004B9DF4 /* Build configuration list for PBXProject "tippy" */;
			compatibilityVersion = "Xcode 9.3";
			developmentRegion = en;
			hasScannedForEncodings = 0;
			knownRegions = (
				en,
				Base,
			);
			mainGroup = 0869F81824E4B6F7004B9DF4;
			productRefGroup = 0869F82224E4B6F7004B9DF4 /* Products */;
			projectDirPath = "";
			projectRoot = "";
			targets = (
				0869F82024E4B6F7004B9DF4 /* tippy */,
				0869F83424E4B6F9004B9DF4 /* tippyTests */,
				0869F83F24E4B6F9004B9DF4 /* tippyUITests */,
			);
		};
/* End PBXProject section */

/* Begin PBXResourcesBuildPhase section */
		0869F81F24E4B6F7004B9DF4 /* Resources */ = {
			isa = PBXResourcesBuildPhase;
			buildActionMask = 2147483647;
			files = (
				0869F82F24E4B6F9004B9DF4 /* LaunchScreen.storyboard in Resources */,
				0869F82C24E4B6F9004B9DF4 /* Assets.xcassets in Resources */,
				0869F82A24E4B6F7004B9DF4 /* Main.storyboard in Resources */,
			);
			runOnlyForDeploymentPostprocessing = 0;
		};
		0869F83324E4B6F9004B9DF4 /* Resources */ = {
			isa = PBXResourcesBuildPhase;
			buildActionMask = 2147483647;
			files = (
			);
			runOnlyForDeploymentPostprocessing = 0;
		};
		0869F83E24E4B6F9004B9DF4 /* Resources */ = {
			isa = PBXResourcesBuildPhase;
			buildActionMask = 2147483647;
			files = (
			);
			runOnlyForDeploymentPostprocessing = 0;
		};
/* End PBXResourcesBuildPhase section */

/* Begin PBXSourcesBuildPhase section */
		0869F81D24E4B6F7004B9DF4 /* Sources */ = {
			isa = PBXSourcesBuildPhase;
			buildActionMask = 2147483647;
			files = (
				0869F82724E4B6F7004B9DF4 /* ViewController.swift in Sources */,
				0869F82524E4B6F7004B9DF4 /* AppDelegate.swift in Sources */,
			);
			runOnlyForDeploymentPostprocessing = 0;
		};
		0869F83124E4B6F9004B9DF4 /* Sources */ = {
			isa = PBXSourcesBuildPhase;
			buildActionMask = 2147483647;
			files = (
				0869F83A24E4B6F9004B9DF4 /* tippyTests.swift in Sources */,
			);
			runOnlyForDeploymentPostprocessing = 0;
		};
		0869F83C24E4B6F9004B9DF4 /* Sources */ = {
			isa = PBXSourcesBuildPhase;
			buildActionMask = 2147483647;
			files = (
				0869F84524E4B6F9004B9DF4 /* tippyUITests.swift in Sources */,
			);
			runOnlyForDeploymentPostprocessing = 0;
		};
/* End PBXSourcesBuildPhase section */

/* Begin PBXTargetDependency section */
		0869F83724E4B6F9004B9DF4 /* PBXTargetDependency */ = {
			isa = PBXTargetDependency;
			target = 0869F82024E4B6F7004B9DF4 /* tippy */;
			targetProxy = 0869F83624E4B6F9004B9DF4 /* PBXContainerItemProxy */;
		};
		0869F84224E4B6F9004B9DF4 /* PBXTargetDependency */ = {
			isa = PBXTargetDependency;
			target = 0869F82024E4B6F7004B9DF4 /* tippy */;
			targetProxy = 0869F84124E4B6F9004B9DF4 /* PBXContainerItemProxy */;
		};
/* End PBXTargetDependency section */

/* Begin PBXVariantGroup section */
		0869F82824E4B6F7004B9DF4 /* Main.storyboard */ = {
			isa = PBXVariantGroup;
			children = (
				0869F82924E4B6F7004B9DF4 /* Base */,
			);
			name = Main.storyboard;
			sourceTree = "<group>";
		};
		0869F82D24E4B6F9004B9DF4 /* LaunchScreen.storyboard */ = {
			isa = PBXVariantGroup;
			children = (
				0869F82E24E4B6F9004B9DF4 /* Base */,
			);
			name = LaunchScreen.storyboard;
			sourceTree = "<group>";
		};
/* End PBXVariantGroup section */

/* Begin XCBuildConfiguration section */
		0869F84724E4B6F9004B9DF4 /* Debug */ = {
			isa = XCBuildConfiguration;
			buildSettings = {
				ALWAYS_SEARCH_USER_PATHS = NO;
				CLANG_ANALYZER_NONNULL = YES;
				CLANG_ANALYZER_NUMBER_OBJECT_CONVERSION = YES_AGGRESSIVE;
				CLANG_CXX_LANGUAGE_STANDARD = "gnu++14";
				CLANG_CXX_LIBRARY = "libc++";
				CLANG_ENABLE_MODULES = YES;
				CLANG_ENABLE_OBJC_ARC = YES;
				CLANG_ENABLE_OBJC_WEAK = YES;
				CLANG_WARN_BLOCK_CAPTURE_AUTORELEASING = YES;
				CLANG_WARN_BOOL_CONVERSION = YES;
				CLANG_WARN_COMMA = YES;
				CLANG_WARN_CONSTANT_CONVERSION = YES;
				CLANG_WARN_DEPRECATED_OBJC_IMPLEMENTATIONS = YES;
				CLANG_WARN_DIRECT_OBJC_ISA_USAGE = YES_ERROR;
				CLANG_WARN_DOCUMENTATION_COMMENTS = YES;
				CLANG_WARN_EMPTY_BODY = YES;
				CLANG_WARN_ENUM_CONVERSION = YES;
				CLANG_WARN_INFINITE_RECURSION = YES;
				CLANG_WARN_INT_CONVERSION = YES;
				CLANG_WARN_NON_LITERAL_NULL_CONVERSION = YES;
				CLANG_WARN_OBJC_IMPLICIT_RETAIN_SELF = YES;
				CLANG_WARN_OBJC_LITERAL_CONVERSION = YES;
				CLANG_WARN_OBJC_ROOT_CLASS = YES_ERROR;
				CLANG_WARN_RANGE_LOOP_ANALYSIS = YES;
				CLANG_WARN_STRICT_PROTOTYPES = YES;
				CLANG_WARN_SUSPICIOUS_MOVE = YES;
				CLANG_WARN_UNGUARDED_AVAILABILITY = YES_AGGRESSIVE;
				CLANG_WARN_UNREACHABLE_CODE = YES;
				CLANG_WARN__DUPLICATE_METHOD_MATCH = YES;
				CODE_SIGN_IDENTITY = "iPhone Developer";
				COPY_PHASE_STRIP = NO;
				DEBUG_INFORMATION_FORMAT = dwarf;
				ENABLE_STRICT_OBJC_MSGSEND = YES;
				ENABLE_TESTABILITY = YES;
				GCC_C_LANGUAGE_STANDARD = gnu11;
				GCC_DYNAMIC_NO_PIC = NO;
				GCC_NO_COMMON_BLOCKS = YES;
				GCC_OPTIMIZATION_LEVEL = 0;
				GCC_PREPROCESSOR_DEFINITIONS = (
					"DEBUG=1",
					"$(inherited)",
				);
				GCC_WARN_64_TO_32_BIT_CONVERSION = YES;
				GCC_WARN_ABOUT_RETURN_TYPE = YES_ERROR;
				GCC_WARN_UNDECLARED_SELECTOR = YES;
				GCC_WARN_UNINITIALIZED_AUTOS = YES_AGGRESSIVE;
				GCC_WARN_UNUSED_FUNCTION = YES;
				GCC_WARN_UNUSED_VARIABLE = YES;
				IPHONEOS_DEPLOYMENT_TARGET = 12.2;
				MTL_ENABLE_DEBUG_INFO = INCLUDE_SOURCE;
				MTL_FAST_MATH = YES;
				ONLY_ACTIVE_ARCH = YES;
				SDKROOT = iphoneos;
				SWIFT_ACTIVE_COMPILATION_CONDITIONS = DEBUG;
				SWIFT_OPTIMIZATION_LEVEL = "-Onone";
			};
			name = Debug;
		};
		0869F84824E4B6F9004B9DF4 /* Release */ = {
			isa = XCBuildConfiguration;
			buildSettings = {
				ALWAYS_SEARCH_USER_PATHS = NO;
				CLANG_ANALYZER_NONNULL = YES;
				CLANG_ANALYZER_NUMBER_OBJECT_CONVERSION = YES_AGGRESSIVE;
				CLANG_CXX_LANGUAGE_STANDARD = "gnu++14";
				CLANG_CXX_LIBRARY = "libc++";
				CLANG_ENABLE_MODULES = YES;
				CLANG_ENABLE_OBJC_ARC = YES;
				CLANG_ENABLE_OBJC_WEAK = YES;
				CLANG_WARN_BLOCK_CAPTURE_AUTORELEASING = YES;
				CLANG_WARN_BOOL_CONVERSION = YES;
				CLANG_WARN_COMMA = YES;
				CLANG_WARN_CONSTANT_CONVERSION = YES;
				CLANG_WARN_DEPRECATED_OBJC_IMPLEMENTATIONS = YES;
				CLANG_WARN_DIRECT_OBJC_ISA_USAGE = YES_ERROR;
				CLANG_WARN_DOCUMENTATION_COMMENTS = YES;
				CLANG_WARN_EMPTY_BODY = YES;
				CLANG_WARN_ENUM_CONVERSION = YES;
				CLANG_WARN_INFINITE_RECURSION = YES;
				CLANG_WARN_INT_CONVERSION = YES;
				CLANG_WARN_NON_LITERAL_NULL_CONVERSION = YES;
				CLANG_WARN_OBJC_IMPLICIT_RETAIN_SELF = YES;
				CLANG_WARN_OBJC_LITERAL_CONVERSION = YES;
				CLANG_WARN_OBJC_ROOT_CLASS = YES_ERROR;
				CLANG_WARN_RANGE_LOOP_ANALYSIS = YES;
				CLANG_WARN_STRICT_PROTOTYPES = YES;
				CLANG_WARN_SUSPICIOUS_MOVE = YES;
				CLANG_WARN_UNGUARDED_AVAILABILITY = YES_AGGRESSIVE;
				CLANG_WARN_UNREACHABLE_CODE = YES;
				CLANG_WARN__DUPLICATE_METHOD_MATCH = YES;
				CODE_SIGN_IDENTITY = "iPhone Developer";
				COPY_PHASE_STRIP = NO;
				DEBUG_INFORMATION_FORMAT = "dwarf-with-dsym";
				ENABLE_NS_ASSERTIONS = NO;
				ENABLE_STRICT_OBJC_MSGSEND = YES;
				GCC_C_LANGUAGE_STANDARD = gnu11;
				GCC_NO_COMMON_BLOCKS = YES;
				GCC_WARN_64_TO_32_BIT_CONVERSION = YES;
				GCC_WARN_ABOUT_RETURN_TYPE = YES_ERROR;
				GCC_WARN_UNDECLARED_SELECTOR = YES;
				GCC_WARN_UNINITIALIZED_AUTOS = YES_AGGRESSIVE;
				GCC_WARN_UNUSED_FUNCTION = YES;
				GCC_WARN_UNUSED_VARIABLE = YES;
				IPHONEOS_DEPLOYMENT_TARGET = 12.2;
				MTL_ENABLE_DEBUG_INFO = NO;
				MTL_FAST_MATH = YES;
				SDKROOT = iphoneos;
				SWIFT_COMPILATION_MODE = wholemodule;
				SWIFT_OPTIMIZATION_LEVEL = "-O";
				VALIDATE_PRODUCT = YES;
			};
			name = Release;
		};
		0869F84A24E4B6F9004B9DF4 /* Debug */ = {
			isa = XCBuildConfiguration;
			buildSettings = {
				ASSETCATALOG_COMPILER_APPICON_NAME = AppIcon;
				CODE_SIGN_STYLE = Automatic;
				INFOPLIST_FILE = tippy/Info.plist;
				LD_RUNPATH_SEARCH_PATHS = (
					"$(inherited)",
					"@executable_path/Frameworks",
				);
				PRODUCT_BUNDLE_IDENTIFIER = "com.konst-nvc.tippy";
				PRODUCT_NAME = "$(TARGET_NAME)";
				SWIFT_VERSION = 5.0;
				TARGETED_DEVICE_FAMILY = "1,2";
			};
			name = Debug;
		};
		0869F84B24E4B6F9004B9DF4 /* Release */ = {
			isa = XCBuildConfiguration;
			buildSettings = {
				ASSETCATALOG_COMPILER_APPICON_NAME = AppIcon;
				CODE_SIGN_STYLE = Automatic;
				INFOPLIST_FILE = tippy/Info.plist;
				LD_RUNPATH_SEARCH_PATHS = (
					"$(inherited)",
					"@executable_path/Frameworks",
				);
				PRODUCT_BUNDLE_IDENTIFIER = "com.konst-nvc.tippy";
				PRODUCT_NAME = "$(TARGET_NAME)";
				SWIFT_VERSION = 5.0;
				TARGETED_DEVICE_FAMILY = "1,2";
			};
			name = Release;
		};
		0869F84D24E4B6F9004B9DF4 /* Debug */ = {
			isa = XCBuildConfiguration;
			buildSettings = {
				ALWAYS_EMBED_SWIFT_STANDARD_LIBRARIES = YES;
				BUNDLE_LOADER = "$(TEST_HOST)";
				CODE_SIGN_STYLE = Automatic;
				INFOPLIST_FILE = tippyTests/Info.plist;
				LD_RUNPATH_SEARCH_PATHS = (
					"$(inherited)",
					"@executable_path/Frameworks",
					"@loader_path/Frameworks",
				);
				PRODUCT_BUNDLE_IDENTIFIER = "com.konst-nvc.tippyTests";
				PRODUCT_NAME = "$(TARGET_NAME)";
				SWIFT_VERSION = 5.0;
				TARGETED_DEVICE_FAMILY = "1,2";
				TEST_HOST = "$(BUILT_PRODUCTS_DIR)/tippy.app/tippy";
			};
			name = Debug;
		};
		0869F84E24E4B6F9004B9DF4 /* Release */ = {
			isa = XCBuildConfiguration;
			buildSettings = {
				ALWAYS_EMBED_SWIFT_STANDARD_LIBRARIES = YES;
				BUNDLE_LOADER = "$(TEST_HOST)";
				CODE_SIGN_STYLE = Automatic;
				INFOPLIST_FILE = tippyTests/Info.plist;
				LD_RUNPATH_SEARCH_PATHS = (
					"$(inherited)",
					"@executable_path/Frameworks",
					"@loader_path/Frameworks",
				);
				PRODUCT_BUNDLE_IDENTIFIER = "com.konst-nvc.tippyTests";
				PRODUCT_NAME = "$(TARGET_NAME)";
				SWIFT_VERSION = 5.0;
				TARGETED_DEVICE_FAMILY = "1,2";
				TEST_HOST = "$(BUILT_PRODUCTS_DIR)/tippy.app/tippy";
			};
			name = Release;
		};
		0869F85024E4B6F9004B9DF4 /* Debug */ = {
			isa = XCBuildConfiguration;
			buildSettings = {
				ALWAYS_EMBED_SWIFT_STANDARD_LIBRARIES = YES;
				CODE_SIGN_STYLE = Automatic;
				INFOPLIST_FILE = tippyUITests/Info.plist;
				LD_RUNPATH_SEARCH_PATHS = (
					"$(inherited)",
					"@executable_path/Frameworks",
					"@loader_path/Frameworks",
				);
				PRODUCT_BUNDLE_IDENTIFIER = "com.konst-nvc.tippyUITests";
				PRODUCT_NAME = "$(TARGET_NAME)";
				SWIFT_VERSION = 5.0;
				TARGETED_DEVICE_FAMILY = "1,2";
				TEST_TARGET_NAME = tippy;
			};
			name = Debug;
		};
		0869F85124E4B6F9004B9DF4 /* Release */ = {
			isa = XCBuildConfiguration;
			buildSettings = {
				ALWAYS_EMBED_SWIFT_STANDARD_LIBRARIES = YES;
				CODE_SIGN_STYLE = Automatic;
				INFOPLIST_FILE = tippyUITests/Info.plist;
				LD_RUNPATH_SEARCH_PATHS = (
					"$(inherited)",
					"@executable_path/Frameworks",
					"@loader_path/Frameworks",
				);
				PRODUCT_BUNDLE_IDENTIFIER = "com.konst-nvc.tippyUITests";
				PRODUCT_NAME = "$(TARGET_NAME)";
				SWIFT_VERSION = 5.0;
				TARGETED_DEVICE_FAMILY = "1,2";
				TEST_TARGET_NAME = tippy;
			};
			name = Release;
		};
/* End XCBuildConfiguration section */

/* Begin XCConfigurationList section */
		0869F81C24E4B6F7004B9DF4 /* Build configuration list for PBXProject "tippy" */ = {
			isa = XCConfigurationList;
			buildConfigurations = (
				0869F84724E4B6F9004B9DF4 /* Debug */,
				0869F84824E4B6F9004B9DF4 /* Release */,
			);
			defaultConfigurationIsVisible = 0;
			defaultConfigurationName = Release;
		};
		0869F84924E4B6F9004B9DF4 /* Build configuration list for PBXNativeTarget "tippy" */ = {
			isa = XCConfigurationList;
			buildConfigurations = (
				0869F84A24E4B6F9004B9DF4 /* Debug */,
				0869F84B24E4B6F9004B9DF4 /* Release */,
			);
			defaultConfigurationIsVisible = 0;
			defaultConfigurationName = Release;
		};
		0869F84C24E4B6F9004B9DF4 /* Build configuration list for PBXNativeTarget "tippyTests" */ = {
			isa = XCConfigurationList;
			buildConfigurations = (
				0869F84D24E4B6F9004B9DF4 /* Debug */,
				0869F84E24E4B6F9004B9DF4 /* Release */,
			);
			defaultConfigurationIsVisible = 0;
			defaultConfigurationName = Release;
		};
		0869F84F24E4B6F9004B9DF4 /* Build configuration list for PBXNativeTarget "tippyUITests" */ = {
			isa = XCConfigurationList;
			buildConfigurations = (
				0869F85024E4B6F9004B9DF4 /* Debug */,
				0869F85124E4B6F9004B9DF4 /* Release */,
			);
			defaultConfigurationIsVisible = 0;
			defaultConfigurationName = Release;
		};
/* End XCConfigurationList section */
	};
	rootObject = 0869F81924E4B6F7004B9DF4 /* Project object */;
}
